
Microsoft Visual Studio Solution File, Format Version 12.00
# Visual Studio Version 17
VisualStudioVersion = 17.0.32014.148
MinimumVisualStudioVersion = 10.0.40219.1
Project("{9A19103F-16F7-4668-BE54-9A1E7A4F7556}") = "DN_SimpleShell", "DN_SimpleShell.csproj", "{6CBCCAEA-0F42-4B75-AE5F-8B4319DC962A}"
EndProject
Global
	GlobalSection(SolutionConfigurationPlatforms) = preSolution
		Debug|Any CPU = Debug|Any CPU
		Release|Any CPU = Release|Any CPU
	EndGlobalSection
	GlobalSection(ProjectConfigurationPlatforms) = postSolution
		{6CBCCAEA-0F42-4B75-AE5F-8B4319DC962A}.Debug|Any CPU.ActiveCfg = Debug|Any CPU
		{6CBCCAEA-0F42-4B75-AE5F-8B4319DC962A}.Debug|Any CPU.Build.0 = Debug|Any CPU
		{6CBCCAEA-0F42-4B75-AE5F-8B4319DC962A}.Release|Any CPU.ActiveCfg = Release|Any CPU
		{6CBCCAEA-0F42-4B75-AE5F-8B4319DC962A}.Release|Any CPU.Build.0 = Release|Any CPU
	EndGlobalSection
	GlobalSection(SolutionProperties) = preSolution
		HideSolutionNode = FALSE
	EndGlobalSection
	GlobalSection(ExtensibilityGlobals) = postSolution
		SolutionGuid = {4407E737-5F44-4533-A3A8-DD70B27FC8B1}
	EndGlobalSection
EndGlobal
